// !$*UTF8*$!
{
	archiveVersion = 1;
	classes = {
	};
	objectVersion = 46;
	objects = {

/* Begin PBXBuildFile section */
		D91061951BA7C94300C4FBCB /* TravelActivityViewController.swift in Sources */ = {isa = PBXBuildFile; fileRef = D91061941BA7C94300C4FBCB /* TravelActivityViewController.swift */; };
		D910619A1BA7E1CE00C4FBCB /* LightSpotOfPoiViewController.swift in Sources */ = {isa = PBXBuildFile; fileRef = D91061991BA7E1CE00C4FBCB /* LightSpotOfPoiViewController.swift */; };
		D91061A21BA7E93600C4FBCB /* PoiPayDetailViewController.swift in Sources */ = {isa = PBXBuildFile; fileRef = D91061A11BA7E93600C4FBCB /* PoiPayDetailViewController.swift */; };
		D91061A41BA7E94000C4FBCB /* PoiPayListViewController.swift in Sources */ = {isa = PBXBuildFile; fileRef = D91061A31BA7E94000C4FBCB /* PoiPayListViewController.swift */; };
		D91061AF1BA7FE8C00C4FBCB /* conversationList@2x.png in Resources */ = {isa = PBXBuildFile; fileRef = D91061AA1BA7FE8C00C4FBCB /* conversationList@2x.png */; };
		D91061B01BA7FE8C00C4FBCB /* travelCategory@2x.png in Resources */ = {isa = PBXBuildFile; fileRef = D91061AB1BA7FE8C00C4FBCB /* travelCategory@2x.png */; };
		D91061B11BA7FE8C00C4FBCB /* travelDestination@2x.png in Resources */ = {isa = PBXBuildFile; fileRef = D91061AC1BA7FE8C00C4FBCB /* travelDestination@2x.png */; };
		D91061B21BA7FE8C00C4FBCB /* travelDiscovery@2x.png in Resources */ = {isa = PBXBuildFile; fileRef = D91061AD1BA7FE8C00C4FBCB /* travelDiscovery@2x.png */; };
		D91061B31BA7FE8C00C4FBCB /* travelMine@2x.png in Resources */ = {isa = PBXBuildFile; fileRef = D91061AE1BA7FE8C00C4FBCB /* travelMine@2x.png */; };
		D91061B91BA7FED700C4FBCB /* icon_activity@2x.png in Resources */ = {isa = PBXBuildFile; fileRef = D91061B41BA7FED700C4FBCB /* icon_activity@2x.png */; };
		D91061BA1BA7FED700C4FBCB /* lightspot_one@2x.png in Resources */ = {isa = PBXBuildFile; fileRef = D91061B51BA7FED700C4FBCB /* lightspot_one@2x.png */; };
		D91061BB1BA7FED700C4FBCB /* lightspot_two@2x.png in Resources */ = {isa = PBXBuildFile; fileRef = D91061B61BA7FED700C4FBCB /* lightspot_two@2x.png */; };
		D91061BC1BA7FED700C4FBCB /* payDetail@2x.png in Resources */ = {isa = PBXBuildFile; fileRef = D91061B71BA7FED700C4FBCB /* payDetail@2x.png */; };
		D91061BD1BA7FED700C4FBCB /* payList@2x.png in Resources */ = {isa = PBXBuildFile; fileRef = D91061B81BA7FED700C4FBCB /* payList@2x.png */; };
		D97DB4B41BA6674A00D58154 /* TravelDestinationViewController.swift in Sources */ = {isa = PBXBuildFile; fileRef = D97DB4B31BA6674A00D58154 /* TravelDestinationViewController.swift */; };
		D97DB4B61BA6675600D58154 /* MineViewController.swift in Sources */ = {isa = PBXBuildFile; fileRef = D97DB4B51BA6675600D58154 /* MineViewController.swift */; };
		D97DB4C61BA6692E00D58154 /* icon_tabbar_discovery_selected@2x.png in Resources */ = {isa = PBXBuildFile; fileRef = D97DB4BC1BA6692E00D58154 /* icon_tabbar_discovery_selected@2x.png */; };
		D97DB4C71BA6692E00D58154 /* icon_tabbar_discovery_normal@2x.png in Resources */ = {isa = PBXBuildFile; fileRef = D97DB4BD1BA6692E00D58154 /* icon_tabbar_discovery_normal@2x.png */; };
		D97DB4C81BA6692E00D58154 /* icon_tabbar_chat_normal@2x.png in Resources */ = {isa = PBXBuildFile; fileRef = D97DB4BE1BA6692E00D58154 /* icon_tabbar_chat_normal@2x.png */; };
		D97DB4C91BA6692E00D58154 /* icon_tabbar_chat_selected@2x.png in Resources */ = {isa = PBXBuildFile; fileRef = D97DB4BF1BA6692E00D58154 /* icon_tabbar_chat_selected@2x.png */; };
		D97DB4CA1BA6692E00D58154 /* icon_tabbar_destination_selected@2x.png in Resources */ = {isa = PBXBuildFile; fileRef = D97DB4C01BA6692E00D58154 /* icon_tabbar_destination_selected@2x.png */; };
		D97DB4CB1BA6692E00D58154 /* icon_tabbar_destination_normal@2x.png in Resources */ = {isa = PBXBuildFile; fileRef = D97DB4C11BA6692E00D58154 /* icon_tabbar_destination_normal@2x.png */; };
		D97DB4CC1BA6692E00D58154 /* icon_tabbar_mine_normal@2x.png in Resources */ = {isa = PBXBuildFile; fileRef = D97DB4C21BA6692E00D58154 /* icon_tabbar_mine_normal@2x.png */; };
		D97DB4CD1BA6692E00D58154 /* icon_tabbar_mine_selected@2x.png in Resources */ = {isa = PBXBuildFile; fileRef = D97DB4C31BA6692E00D58154 /* icon_tabbar_mine_selected@2x.png */; };
		D97DB4D11BA66C2F00D58154 /* ConversationListViewController.swift in Sources */ = {isa = PBXBuildFile; fileRef = D97DB4D01BA66C2F00D58154 /* ConversationListViewController.swift */; };
		D97DB4D61BA66F3100D58154 /* TravelCategoryViewController.swift in Sources */ = {isa = PBXBuildFile; fileRef = D97DB4D41BA66F3100D58154 /* TravelCategoryViewController.swift */; };
		D9E9D1D71BA27AB600FB6C07 /* AppDelegate.swift in Sources */ = {isa = PBXBuildFile; fileRef = D9E9D1D61BA27AB600FB6C07 /* AppDelegate.swift */; };
		D9E9D1DC1BA27AB600FB6C07 /* Main.storyboard in Resources */ = {isa = PBXBuildFile; fileRef = D9E9D1DA1BA27AB600FB6C07 /* Main.storyboard */; };
		D9E9D1DE1BA27AB600FB6C07 /* Images.xcassets in Resources */ = {isa = PBXBuildFile; fileRef = D9E9D1DD1BA27AB600FB6C07 /* Images.xcassets */; };
		D9E9D1ED1BA27AB600FB6C07 /* LvxingpaiDemoTests.swift in Sources */ = {isa = PBXBuildFile; fileRef = D9E9D1EC1BA27AB600FB6C07 /* LvxingpaiDemoTests.swift */; };
		D9E9D1F91BA27E2100FB6C07 /* HomeViewController.swift in Sources */ = {isa = PBXBuildFile; fileRef = D9E9D1F81BA27E2100FB6C07 /* HomeViewController.swift */; };
		D9E9D1FB1BA27FF100FB6C07 /* TravelDiscoveryViewController.swift in Sources */ = {isa = PBXBuildFile; fileRef = D9E9D1FA1BA27FF100FB6C07 /* TravelDiscoveryViewController.swift */; };
/* End PBXBuildFile section */

/* Begin PBXContainerItemProxy section */
		D9E9D1E71BA27AB600FB6C07 /* PBXContainerItemProxy */ = {
			isa = PBXContainerItemProxy;
			containerPortal = D9E9D1C91BA27AB600FB6C07 /* Project object */;
			proxyType = 1;
			remoteGlobalIDString = D9E9D1D01BA27AB600FB6C07;
			remoteInfo = LvxingpaiDemo;
		};
/* End PBXContainerItemProxy section */

/* Begin PBXFileReference section */
		D91061941BA7C94300C4FBCB /* TravelActivityViewController.swift */ = {isa = PBXFileReference; fileEncoding = 4; lastKnownFileType = sourcecode.swift; path = TravelActivityViewController.swift; sourceTree = "<group>"; };
		D91061991BA7E1CE00C4FBCB /* LightSpotOfPoiViewController.swift */ = {isa = PBXFileReference; fileEncoding = 4; lastKnownFileType = sourcecode.swift; path = LightSpotOfPoiViewController.swift; sourceTree = "<group>"; };
		D91061A11BA7E93600C4FBCB /* PoiPayDetailViewController.swift */ = {isa = PBXFileReference; fileEncoding = 4; lastKnownFileType = sourcecode.swift; path = PoiPayDetailViewController.swift; sourceTree = "<group>"; };
		D91061A31BA7E94000C4FBCB /* PoiPayListViewController.swift */ = {isa = PBXFileReference; fileEncoding = 4; lastKnownFileType = sourcecode.swift; path = PoiPayListViewController.swift; sourceTree = "<group>"; };
		D91061AA1BA7FE8C00C4FBCB /* conversationList@2x.png */ = {isa = PBXFileReference; lastKnownFileType = image.png; path = "conversationList@2x.png"; sourceTree = "<group>"; };
		D91061AB1BA7FE8C00C4FBCB /* travelCategory@2x.png */ = {isa = PBXFileReference; lastKnownFileType = image.png; path = "travelCategory@2x.png"; sourceTree = "<group>"; };
		D91061AC1BA7FE8C00C4FBCB /* travelDestination@2x.png */ = {isa = PBXFileReference; lastKnownFileType = image.png; path = "travelDestination@2x.png"; sourceTree = "<group>"; };
		D91061AD1BA7FE8C00C4FBCB /* travelDiscovery@2x.png */ = {isa = PBXFileReference; lastKnownFileType = image.png; path = "travelDiscovery@2x.png"; sourceTree = "<group>"; };
		D91061AE1BA7FE8C00C4FBCB /* travelMine@2x.png */ = {isa = PBXFileReference; lastKnownFileType = image.png; path = "travelMine@2x.png"; sourceTree = "<group>"; };
		D91061B41BA7FED700C4FBCB /* icon_activity@2x.png */ = {isa = PBXFileReference; lastKnownFileType = image.png; path = "icon_activity@2x.png"; sourceTree = "<group>"; };
		D91061B51BA7FED700C4FBCB /* lightspot_one@2x.png */ = {isa = PBXFileReference; lastKnownFileType = image.png; path = "lightspot_one@2x.png"; sourceTree = "<group>"; };
		D91061B61BA7FED700C4FBCB /* lightspot_two@2x.png */ = {isa = PBXFileReference; lastKnownFileType = image.png; path = "lightspot_two@2x.png"; sourceTree = "<group>"; };
		D91061B71BA7FED700C4FBCB /* payDetail@2x.png */ = {isa = PBXFileReference; lastKnownFileType = image.png; path = "payDetail@2x.png"; sourceTree = "<group>"; };
		D91061B81BA7FED700C4FBCB /* payList@2x.png */ = {isa = PBXFileReference; lastKnownFileType = image.png; path = "payList@2x.png"; sourceTree = "<group>"; };
		D97DB4B31BA6674A00D58154 /* TravelDestinationViewController.swift */ = {isa = PBXFileReference; fileEncoding = 4; lastKnownFileType = sourcecode.swift; path = TravelDestinationViewController.swift; sourceTree = "<group>"; };
		D97DB4B51BA6675600D58154 /* MineViewController.swift */ = {isa = PBXFileReference; fileEncoding = 4; lastKnownFileType = sourcecode.swift; path = MineViewController.swift; sourceTree = "<group>"; };
		D97DB4BC1BA6692E00D58154 /* icon_tabbar_discovery_selected@2x.png */ = {isa = PBXFileReference; lastKnownFileType = image.png; path = "icon_tabbar_discovery_selected@2x.png"; sourceTree = "<group>"; };
		D97DB4BD1BA6692E00D58154 /* icon_tabbar_discovery_normal@2x.png */ = {isa = PBXFileReference; lastKnownFileType = image.png; path = "icon_tabbar_discovery_normal@2x.png"; sourceTree = "<group>"; };
		D97DB4BE1BA6692E00D58154 /* icon_tabbar_chat_normal@2x.png */ = {isa = PBXFileReference; lastKnownFileType = image.png; path = "icon_tabbar_chat_normal@2x.png"; sourceTree = "<group>"; };
		D97DB4BF1BA6692E00D58154 /* icon_tabbar_chat_selected@2x.png */ = {isa = PBXFileReference; lastKnownFileType = image.png; path = "icon_tabbar_chat_selected@2x.png"; sourceTree = "<group>"; };
		D97DB4C01BA6692E00D58154 /* icon_tabbar_destination_selected@2x.png */ = {isa = PBXFileReference; lastKnownFileType = image.png; path = "icon_tabbar_destination_selected@2x.png"; sourceTree = "<group>"; };
		D97DB4C11BA6692E00D58154 /* icon_tabbar_destination_normal@2x.png */ = {isa = PBXFileReference; lastKnownFileType = image.png; path = "icon_tabbar_destination_normal@2x.png"; sourceTree = "<group>"; };
		D97DB4C21BA6692E00D58154 /* icon_tabbar_mine_normal@2x.png */ = {isa = PBXFileReference; lastKnownFileType = image.png; path = "icon_tabbar_mine_normal@2x.png"; sourceTree = "<group>"; };
		D97DB4C31BA6692E00D58154 /* icon_tabbar_mine_selected@2x.png */ = {isa = PBXFileReference; lastKnownFileType = image.png; path = "icon_tabbar_mine_selected@2x.png"; sourceTree = "<group>"; };
		D97DB4D01BA66C2F00D58154 /* ConversationListViewController.swift */ = {isa = PBXFileReference; fileEncoding = 4; lastKnownFileType = sourcecode.swift; path = ConversationListViewController.swift; sourceTree = "<group>"; };
		D97DB4D41BA66F3100D58154 /* TravelCategoryViewController.swift */ = {isa = PBXFileReference; fileEncoding = 4; lastKnownFileType = sourcecode.swift; path = TravelCategoryViewController.swift; sourceTree = "<group>"; };
		D9E9D1D11BA27AB600FB6C07 /* LvxingpaiDemo.app */ = {isa = PBXFileReference; explicitFileType = wrapper.application; includeInIndex = 0; path = LvxingpaiDemo.app; sourceTree = BUILT_PRODUCTS_DIR; };
		D9E9D1D51BA27AB600FB6C07 /* Info.plist */ = {isa = PBXFileReference; lastKnownFileType = text.plist.xml; path = Info.plist; sourceTree = "<group>"; };
		D9E9D1D61BA27AB600FB6C07 /* AppDelegate.swift */ = {isa = PBXFileReference; lastKnownFileType = sourcecode.swift; path = AppDelegate.swift; sourceTree = "<group>"; };
		D9E9D1DB1BA27AB600FB6C07 /* Base */ = {isa = PBXFileReference; lastKnownFileType = file.storyboard; name = Base; path = Base.lproj/Main.storyboard; sourceTree = "<group>"; };
		D9E9D1DD1BA27AB600FB6C07 /* Images.xcassets */ = {isa = PBXFileReference; lastKnownFileType = folder.assetcatalog; path = Images.xcassets; sourceTree = "<group>"; };
		D9E9D1E61BA27AB600FB6C07 /* LvxingpaiDemoTests.xctest */ = {isa = PBXFileReference; explicitFileType = wrapper.cfbundle; includeInIndex = 0; path = LvxingpaiDemoTests.xctest; sourceTree = BUILT_PRODUCTS_DIR; };
		D9E9D1EB1BA27AB600FB6C07 /* Info.plist */ = {isa = PBXFileReference; lastKnownFileType = text.plist.xml; path = Info.plist; sourceTree = "<group>"; };
		D9E9D1EC1BA27AB600FB6C07 /* LvxingpaiDemoTests.swift */ = {isa = PBXFileReference; lastKnownFileType = sourcecode.swift; path = LvxingpaiDemoTests.swift; sourceTree = "<group>"; };
		D9E9D1F81BA27E2100FB6C07 /* HomeViewController.swift */ = {isa = PBXFileReference; fileEncoding = 4; lastKnownFileType = sourcecode.swift; path = HomeViewController.swift; sourceTree = "<group>"; };
		D9E9D1FA1BA27FF100FB6C07 /* TravelDiscoveryViewController.swift */ = {isa = PBXFileReference; fileEncoding = 4; lastKnownFileType = sourcecode.swift; path = TravelDiscoveryViewController.swift; sourceTree = "<group>"; };
/* End PBXFileReference section */

/* Begin PBXFrameworksBuildPhase section */
		D9E9D1CE1BA27AB600FB6C07 /* Frameworks */ = {
			isa = PBXFrameworksBuildPhase;
			buildActionMask = 2147483647;
			files = (
			);
			runOnlyForDeploymentPostprocessing = 0;
		};
		D9E9D1E31BA27AB600FB6C07 /* Frameworks */ = {
			isa = PBXFrameworksBuildPhase;
			buildActionMask = 2147483647;
			files = (
			);
			runOnlyForDeploymentPostprocessing = 0;
		};
/* End PBXFrameworksBuildPhase section */

/* Begin PBXGroup section */
		D91061931BA7C91B00C4FBCB /* HomeController */ = {
			isa = PBXGroup;
			children = (
				D9E9D1F81BA27E2100FB6C07 /* HomeViewController.swift */,
				D9E9D1FA1BA27FF100FB6C07 /* TravelDiscoveryViewController.swift */,
				D97DB4D01BA66C2F00D58154 /* ConversationListViewController.swift */,
				D97DB4B31BA6674A00D58154 /* TravelDestinationViewController.swift */,
				D97DB4B51BA6675600D58154 /* MineViewController.swift */,
			);
			name = HomeController;
			sourceTree = "<group>";
		};
		D91061961BA7C95F00C4FBCB /* SecondImages */ = {
			isa = PBXGroup;
			children = (
				D91061B41BA7FED700C4FBCB /* icon_activity@2x.png */,
				D91061B51BA7FED700C4FBCB /* lightspot_one@2x.png */,
				D91061B61BA7FED700C4FBCB /* lightspot_two@2x.png */,
				D91061B71BA7FED700C4FBCB /* payDetail@2x.png */,
				D91061B81BA7FED700C4FBCB /* payList@2x.png */,
			);
			name = SecondImages;
			sourceTree = "<group>";
		};
		D91061A91BA7EB0200C4FBCB /* SecondController */ = {
			isa = PBXGroup;
			children = (
				D97DB4D41BA66F3100D58154 /* TravelCategoryViewController.swift */,
				D91061941BA7C94300C4FBCB /* TravelActivityViewController.swift */,
				D91061991BA7E1CE00C4FBCB /* LightSpotOfPoiViewController.swift */,
				D91061A11BA7E93600C4FBCB /* PoiPayDetailViewController.swift */,
				D91061A31BA7E94000C4FBCB /* PoiPayListViewController.swift */,
			);
			name = SecondController;
			sourceTree = "<group>";
		};
		D97DB4BB1BA6692E00D58154 /* tab */ = {
			isa = PBXGroup;
			children = (
				D97DB4BC1BA6692E00D58154 /* icon_tabbar_discovery_selected@2x.png */,
				D97DB4BD1BA6692E00D58154 /* icon_tabbar_discovery_normal@2x.png */,
				D97DB4BE1BA6692E00D58154 /* icon_tabbar_chat_normal@2x.png */,
				D97DB4BF1BA6692E00D58154 /* icon_tabbar_chat_selected@2x.png */,
				D97DB4C01BA6692E00D58154 /* icon_tabbar_destination_selected@2x.png */,
				D97DB4C11BA6692E00D58154 /* icon_tabbar_destination_normal@2x.png */,
				D97DB4C21BA6692E00D58154 /* icon_tabbar_mine_normal@2x.png */,
				D97DB4C31BA6692E00D58154 /* icon_tabbar_mine_selected@2x.png */,
			);
			path = tab;
			sourceTree = "<group>";
		};
		D9E9D1C81BA27AB600FB6C07 = {
			isa = PBXGroup;
			children = (
				D9E9D1D31BA27AB600FB6C07 /* LvxingpaiDemo */,
				D9E9D1E91BA27AB600FB6C07 /* LvxingpaiDemoTests */,
				D9E9D1D21BA27AB600FB6C07 /* Products */,
			);
			sourceTree = "<group>";
		};
		D9E9D1D21BA27AB600FB6C07 /* Products */ = {
			isa = PBXGroup;
			children = (
				D9E9D1D11BA27AB600FB6C07 /* LvxingpaiDemo.app */,
				D9E9D1E61BA27AB600FB6C07 /* LvxingpaiDemoTests.xctest */,
			);
			name = Products;
			sourceTree = "<group>";
		};
		D9E9D1D31BA27AB600FB6C07 /* LvxingpaiDemo */ = {
			isa = PBXGroup;
			children = (
				D9E9D1D61BA27AB600FB6C07 /* AppDelegate.swift */,
				D9E9D1DA1BA27AB600FB6C07 /* Main.storyboard */,
				D9E9D1DD1BA27AB600FB6C07 /* Images.xcassets */,
				D9E9D1D41BA27AB600FB6C07 /* Supporting Files */,
				D91061931BA7C91B00C4FBCB /* HomeController */,
				D91061A91BA7EB0200C4FBCB /* SecondController */,
				D9E9D2021BA280AB00FB6C07 /* Images */,
			);
			path = LvxingpaiDemo;
			sourceTree = "<group>";
		};
		D9E9D1D41BA27AB600FB6C07 /* Supporting Files */ = {
			isa = PBXGroup;
			children = (
				D9E9D1D51BA27AB600FB6C07 /* Info.plist */,
			);
			name = "Supporting Files";
			sourceTree = "<group>";
		};
		D9E9D1E91BA27AB600FB6C07 /* LvxingpaiDemoTests */ = {
			isa = PBXGroup;
			children = (
				D9E9D1EC1BA27AB600FB6C07 /* LvxingpaiDemoTests.swift */,
				D9E9D1EA1BA27AB600FB6C07 /* Supporting Files */,
			);
			path = LvxingpaiDemoTests;
			sourceTree = "<group>";
		};
		D9E9D1EA1BA27AB600FB6C07 /* Supporting Files */ = {
			isa = PBXGroup;
			children = (
				D9E9D1EB1BA27AB600FB6C07 /* Info.plist */,
			);
			name = "Supporting Files";
			sourceTree = "<group>";
		};
		D9E9D2021BA280AB00FB6C07 /* Images */ = {
			isa = PBXGroup;
			children = (
				D91061961BA7C95F00C4FBCB /* SecondImages */,
				D97DB4BB1BA6692E00D58154 /* tab */,
				D9E9D2031BA280B500FB6C07 /* HomeImages */,
			);
			name = Images;
			sourceTree = "<group>";
		};
		D9E9D2031BA280B500FB6C07 /* HomeImages */ = {
			isa = PBXGroup;
			children = (
				D91061AA1BA7FE8C00C4FBCB /* conversationList@2x.png */,
				D91061AB1BA7FE8C00C4FBCB /* travelCategory@2x.png */,
				D91061AC1BA7FE8C00C4FBCB /* travelDestination@2x.png */,
				D91061AD1BA7FE8C00C4FBCB /* travelDiscovery@2x.png */,
				D91061AE1BA7FE8C00C4FBCB /* travelMine@2x.png */,
			);
			name = HomeImages;
			sourceTree = "<group>";
		};
/* End PBXGroup section */

/* Begin PBXNativeTarget section */
		D9E9D1D01BA27AB600FB6C07 /* LvxingpaiDemo */ = {
			isa = PBXNativeTarget;
			buildConfigurationList = D9E9D1F01BA27AB600FB6C07 /* Build configuration list for PBXNativeTarget "LvxingpaiDemo" */;
			buildPhases = (
				D9E9D1CD1BA27AB600FB6C07 /* Sources */,
				D9E9D1CE1BA27AB600FB6C07 /* Frameworks */,
				D9E9D1CF1BA27AB600FB6C07 /* Resources */,
			);
			buildRules = (
			);
			dependencies = (
			);
			name = LvxingpaiDemo;
			productName = LvxingpaiDemo;
			productReference = D9E9D1D11BA27AB600FB6C07 /* LvxingpaiDemo.app */;
			productType = "com.apple.product-type.application";
		};
		D9E9D1E51BA27AB600FB6C07 /* LvxingpaiDemoTests */ = {
			isa = PBXNativeTarget;
			buildConfigurationList = D9E9D1F31BA27AB600FB6C07 /* Build configuration list for PBXNativeTarget "LvxingpaiDemoTests" */;
			buildPhases = (
				D9E9D1E21BA27AB600FB6C07 /* Sources */,
				D9E9D1E31BA27AB600FB6C07 /* Frameworks */,
				D9E9D1E41BA27AB600FB6C07 /* Resources */,
			);
			buildRules = (
			);
			dependencies = (
				D9E9D1E81BA27AB600FB6C07 /* PBXTargetDependency */,
			);
			name = LvxingpaiDemoTests;
			productName = LvxingpaiDemoTests;
			productReference = D9E9D1E61BA27AB600FB6C07 /* LvxingpaiDemoTests.xctest */;
			productType = "com.apple.product-type.bundle.unit-test";
		};
/* End PBXNativeTarget section */

/* Begin PBXProject section */
		D9E9D1C91BA27AB600FB6C07 /* Project object */ = {
			isa = PBXProject;
			attributes = {
				LastUpgradeCheck = 0640;
				ORGANIZATIONNAME = com.xujianinc.www;
				TargetAttributes = {
					D9E9D1D01BA27AB600FB6C07 = {
						CreatedOnToolsVersion = 6.4;
					};
					D9E9D1E51BA27AB600FB6C07 = {
						CreatedOnToolsVersion = 6.4;
						TestTargetID = D9E9D1D01BA27AB600FB6C07;
					};
				};
			};
			buildConfigurationList = D9E9D1CC1BA27AB600FB6C07 /* Build configuration list for PBXProject "LvxingpaiDemo" */;
			compatibilityVersion = "Xcode 3.2";
			developmentRegion = English;
			hasScannedForEncodings = 0;
			knownRegions = (
				en,
				Base,
			);
			mainGroup = D9E9D1C81BA27AB600FB6C07;
			productRefGroup = D9E9D1D21BA27AB600FB6C07 /* Products */;
			projectDirPath = "";
			projectRoot = "";
			targets = (
				D9E9D1D01BA27AB600FB6C07 /* LvxingpaiDemo */,
				D9E9D1E51BA27AB600FB6C07 /* LvxingpaiDemoTests */,
			);
		};
/* End PBXProject section */

/* Begin PBXResourcesBuildPhase section */
		D9E9D1CF1BA27AB600FB6C07 /* Resources */ = {
			isa = PBXResourcesBuildPhase;
			buildActionMask = 2147483647;
			files = (
				D97DB4C81BA6692E00D58154 /* icon_tabbar_chat_normal@2x.png in Resources */,
				D91061BA1BA7FED700C4FBCB /* lightspot_one@2x.png in Resources */,
				D91061B31BA7FE8C00C4FBCB /* travelMine@2x.png in Resources */,
				D91061B21BA7FE8C00C4FBCB /* travelDiscovery@2x.png in Resources */,
				D91061B01BA7FE8C00C4FBCB /* travelCategory@2x.png in Resources */,
				D91061BD1BA7FED700C4FBCB /* payList@2x.png in Resources */,
				D97DB4C61BA6692E00D58154 /* icon_tabbar_discovery_selected@2x.png in Resources */,
				D97DB4C91BA6692E00D58154 /* icon_tabbar_chat_selected@2x.png in Resources */,
				D91061B91BA7FED700C4FBCB /* icon_activity@2x.png in Resources */,
				D91061BB1BA7FED700C4FBCB /* lightspot_two@2x.png in Resources */,
				D97DB4CB1BA6692E00D58154 /* icon_tabbar_destination_normal@2x.png in Resources */,
				D91061B11BA7FE8C00C4FBCB /* travelDestination@2x.png in Resources */,
				D97DB4C71BA6692E00D58154 /* icon_tabbar_discovery_normal@2x.png in Resources */,
				D97DB4CC1BA6692E00D58154 /* icon_tabbar_mine_normal@2x.png in Resources */,
				D91061BC1BA7FED700C4FBCB /* payDetail@2x.png in Resources */,
				D97DB4CD1BA6692E00D58154 /* icon_tabbar_mine_selected@2x.png in Resources */,
				D91061AF1BA7FE8C00C4FBCB /* conversationList@2x.png in Resources */,
				D9E9D1DC1BA27AB600FB6C07 /* Main.storyboard in Resources */,
				D9E9D1DE1BA27AB600FB6C07 /* Images.xcassets in Resources */,
				D97DB4CA1BA6692E00D58154 /* icon_tabbar_destination_selected@2x.png in Resources */,
			);
			runOnlyForDeploymentPostprocessing = 0;
		};
		D9E9D1E41BA27AB600FB6C07 /* Resources */ = {
			isa = PBXResourcesBuildPhase;
			buildActionMask = 2147483647;
			files = (
			);
			runOnlyForDeploymentPostprocessing = 0;
		};
/* End PBXResourcesBuildPhase section */

/* Begin PBXSourcesBuildPhase section */
		D9E9D1CD1BA27AB600FB6C07 /* Sources */ = {
			isa = PBXSourcesBuildPhase;
			buildActionMask = 2147483647;
			files = (
				D91061A21BA7E93600C4FBCB /* PoiPayDetailViewController.swift in Sources */,
				D97DB4B41BA6674A00D58154 /* TravelDestinationViewController.swift in Sources */,
				D9E9D1FB1BA27FF100FB6C07 /* TravelDiscoveryViewController.swift in Sources */,
				D97DB4D11BA66C2F00D58154 /* ConversationListViewController.swift in Sources */,
				D91061951BA7C94300C4FBCB /* TravelActivityViewController.swift in Sources */,
				D91061A41BA7E94000C4FBCB /* PoiPayListViewController.swift in Sources */,
				D9E9D1D71BA27AB600FB6C07 /* AppDelegate.swift in Sources */,
				D9E9D1F91BA27E2100FB6C07 /* HomeViewController.swift in Sources */,
				D910619A1BA7E1CE00C4FBCB /* LightSpotOfPoiViewController.swift in Sources */,
				D97DB4D61BA66F3100D58154 /* TravelCategoryViewController.swift in Sources */,
				D97DB4B61BA6675600D58154 /* MineViewController.swift in Sources */,
			);
			runOnlyForDeploymentPostprocessing = 0;
		};
		D9E9D1E21BA27AB600FB6C07 /* Sources */ = {
			isa = PBXSourcesBuildPhase;
			buildActionMask = 2147483647;
			files = (
				D9E9D1ED1BA27AB600FB6C07 /* LvxingpaiDemoTests.swift in Sources */,
			);
			runOnlyForDeploymentPostprocessing = 0;
		};
/* End PBXSourcesBuildPhase section */

/* Begin PBXTargetDependency section */
		D9E9D1E81BA27AB600FB6C07 /* PBXTargetDependency */ = {
			isa = PBXTargetDependency;
			target = D9E9D1D01BA27AB600FB6C07 /* LvxingpaiDemo */;
			targetProxy = D9E9D1E71BA27AB600FB6C07 /* PBXContainerItemProxy */;
		};
/* End PBXTargetDependency section */

/* Begin PBXVariantGroup section */
		D9E9D1DA1BA27AB600FB6C07 /* Main.storyboard */ = {
			isa = PBXVariantGroup;
			children = (
				D9E9D1DB1BA27AB600FB6C07 /* Base */,
			);
			name = Main.storyboard;
			sourceTree = "<group>";
		};
/* End PBXVariantGroup section */

/* Begin XCBuildConfiguration section */
		D9E9D1EE1BA27AB600FB6C07 /* Debug */ = {
			isa = XCBuildConfiguration;
			buildSettings = {
				ALWAYS_SEARCH_USER_PATHS = NO;
				CLANG_CXX_LANGUAGE_STANDARD = "gnu++0x";
				CLANG_CXX_LIBRARY = "libc++";
				CLANG_ENABLE_MODULES = YES;
				CLANG_ENABLE_OBJC_ARC = YES;
				CLANG_WARN_BOOL_CONVERSION = YES;
				CLANG_WARN_CONSTANT_CONVERSION = YES;
				CLANG_WARN_DIRECT_OBJC_ISA_USAGE = YES_ERROR;
				CLANG_WARN_EMPTY_BODY = YES;
				CLANG_WARN_ENUM_CONVERSION = YES;
				CLANG_WARN_INT_CONVERSION = YES;
				CLANG_WARN_OBJC_ROOT_CLASS = YES_ERROR;
				CLANG_WARN_UNREACHABLE_CODE = YES;
				CLANG_WARN__DUPLICATE_METHOD_MATCH = YES;
				"CODE_SIGN_IDENTITY[sdk=iphoneos*]" = "iPhone Developer";
				COPY_PHASE_STRIP = NO;
				DEBUG_INFORMATION_FORMAT = "dwarf-with-dsym";
				ENABLE_STRICT_OBJC_MSGSEND = YES;
				GCC_C_LANGUAGE_STANDARD = gnu99;
				GCC_DYNAMIC_NO_PIC = NO;
				GCC_NO_COMMON_BLOCKS = YES;
				GCC_OPTIMIZATION_LEVEL = 0;
				GCC_PREPROCESSOR_DEFINITIONS = (
					"DEBUG=1",
					"$(inherited)",
				);
				GCC_SYMBOLS_PRIVATE_EXTERN = NO;
				GCC_WARN_64_TO_32_BIT_CONVERSION = YES;
				GCC_WARN_ABOUT_RETURN_TYPE = YES_ERROR;
				GCC_WARN_UNDECLARED_SELECTOR = YES;
				GCC_WARN_UNINITIALIZED_AUTOS = YES_AGGRESSIVE;
				GCC_WARN_UNUSED_FUNCTION = YES;
				GCC_WARN_UNUSED_VARIABLE = YES;
				IPHONEOS_DEPLOYMENT_TARGET = 8.4;
				MTL_ENABLE_DEBUG_INFO = YES;
				ONLY_ACTIVE_ARCH = YES;
				SDKROOT = iphoneos;
				SWIFT_OPTIMIZATION_LEVEL = "-Onone";
			};
			name = Debug;
		};
		D9E9D1EF1BA27AB600FB6C07 /* Release */ = {
			isa = XCBuildConfiguration;
			buildSettings = {
				ALWAYS_SEARCH_USER_PATHS = NO;
				CLANG_CXX_LANGUAGE_STANDARD = "gnu++0x";
				CLANG_CXX_LIBRARY = "libc++";
				CLANG_ENABLE_MODULES = YES;
				CLANG_ENABLE_OBJC_ARC = YES;
				CLANG_WARN_BOOL_CONVERSION = YES;
				CLANG_WARN_CONSTANT_CONVERSION = YES;
				CLANG_WARN_DIRECT_OBJC_ISA_USAGE = YES_ERROR;
				CLANG_WARN_EMPTY_BODY = YES;
				CLANG_WARN_ENUM_CONVERSION = YES;
				CLANG_WARN_INT_CONVERSION = YES;
				CLANG_WARN_OBJC_ROOT_CLASS = YES_ERROR;
				CLANG_WARN_UNREACHABLE_CODE = YES;
				CLANG_WARN__DUPLICATE_METHOD_MATCH = YES;
				"CODE_SIGN_IDENTITY[sdk=iphoneos*]" = "iPhone Developer";
				COPY_PHASE_STRIP = NO;
				DEBUG_INFORMATION_FORMAT = "dwarf-with-dsym";
				ENABLE_NS_ASSERTIONS = NO;
				ENABLE_STRICT_OBJC_MSGSEND = YES;
				GCC_C_LANGUAGE_STANDARD = gnu99;
				GCC_NO_COMMON_BLOCKS = YES;
				GCC_WARN_64_TO_32_BIT_CONVERSION = YES;
				GCC_WARN_ABOUT_RETURN_TYPE = YES_ERROR;
				GCC_WARN_UNDECLARED_SELECTOR = YES;
				GCC_WARN_UNINITIALIZED_AUTOS = YES_AGGRESSIVE;
				GCC_WARN_UNUSED_FUNCTION = YES;
				GCC_WARN_UNUSED_VARIABLE = YES;
				IPHONEOS_DEPLOYMENT_TARGET = 8.4;
				MTL_ENABLE_DEBUG_INFO = NO;
				SDKROOT = iphoneos;
				VALIDATE_PRODUCT = YES;
			};
			name = Release;
		};
		D9E9D1F11BA27AB600FB6C07 /* Debug */ = {
			isa = XCBuildConfiguration;
			buildSettings = {
				ASSETCATALOG_COMPILER_APPICON_NAME = AppIcon;
				ASSETCATALOG_COMPILER_LAUNCHIMAGE_NAME = LaunchImage;
				INFOPLIST_FILE = LvxingpaiDemo/Info.plist;
				IPHONEOS_DEPLOYMENT_TARGET = 7.0;
				LD_RUNPATH_SEARCH_PATHS = "$(inherited) @executable_path/Frameworks";
				PRODUCT_NAME = "$(TARGET_NAME)";
			};
			name = Debug;
		};
		D9E9D1F21BA27AB600FB6C07 /* Release */ = {
			isa = XCBuildConfiguration;
			buildSettings = {
				ASSETCATALOG_COMPILER_APPICON_NAME = AppIcon;
				ASSETCATALOG_COMPILER_LAUNCHIMAGE_NAME = LaunchImage;
				INFOPLIST_FILE = LvxingpaiDemo/Info.plist;
				IPHONEOS_DEPLOYMENT_TARGET = 7.0;
				LD_RUNPATH_SEARCH_PATHS = "$(inherited) @executable_path/Frameworks";
				PRODUCT_NAME = "$(TARGET_NAME)";
			};
			name = Release;
		};
		D9E9D1F41BA27AB600FB6C07 /* Debug */ = {
			isa = XCBuildConfiguration;
			buildSettings = {
				BUNDLE_LOADER = "$(TEST_HOST)";
				FRAMEWORK_SEARCH_PATHS = (
					"$(SDKROOT)/Developer/Library/Frameworks",
					"$(inherited)",
				);
				GCC_PREPROCESSOR_DEFINITIONS = (
					"DEBUG=1",
					"$(inherited)",
				);
				INFOPLIST_FILE = LvxingpaiDemoTests/Info.plist;
				LD_RUNPATH_SEARCH_PATHS = "$(inherited) @executable_path/Frameworks @loader_path/Frameworks";
				PRODUCT_NAME = "$(TARGET_NAME)";
				TEST_HOST = "$(BUILT_PRODUCTS_DIR)/LvxingpaiDemo.app/LvxingpaiDemo";
			};
			name = Debug;
		};
		D9E9D1F51BA27AB600FB6C07 /* Release */ = {
			isa = XCBuildConfiguration;
			buildSettings = {
				BUNDLE_LOADER = "$(TEST_HOST)";
				FRAMEWORK_SEARCH_PATHS = (
					"$(SDKROOT)/Developer/Library/Frameworks",
					"$(inherited)",
				);
				INFOPLIST_FILE = LvxingpaiDemoTests/Info.plist;
				LD_RUNPATH_SEARCH_PATHS = "$(inherited) @executable_path/Frameworks @loader_path/Frameworks";
				PRODUCT_NAME = "$(TARGET_NAME)";
				TEST_HOST = "$(BUILT_PRODUCTS_DIR)/LvxingpaiDemo.app/LvxingpaiDemo";
			};
			name = Release;
		};
/* End XCBuildConfiguration section */

/* Begin XCConfigurationList section */
		D9E9D1CC1BA27AB600FB6C07 /* Build configuration list for PBXProject "LvxingpaiDemo" */ = {
			isa = XCConfigurationList;
			buildConfigurations = (
				D9E9D1EE1BA27AB600FB6C07 /* Debug */,
				D9E9D1EF1BA27AB600FB6C07 /* Release */,
			);
			defaultConfigurationIsVisible = 0;
			defaultConfigurationName = Release;
		};
		D9E9D1F01BA27AB600FB6C07 /* Build configuration list for PBXNativeTarget "LvxingpaiDemo" */ = {
			isa = XCConfigurationList;
			buildConfigurations = (
				D9E9D1F11BA27AB600FB6C07 /* Debug */,
				D9E9D1F21BA27AB600FB6C07 /* Release */,
			);
			defaultConfigurationIsVisible = 0;
			defaultConfigurationName = Release;
		};
		D9E9D1F31BA27AB600FB6C07 /* Build configuration list for PBXNativeTarget "LvxingpaiDemoTests" */ = {
			isa = XCConfigurationList;
			buildConfigurations = (
				D9E9D1F41BA27AB600FB6C07 /* Debug */,
				D9E9D1F51BA27AB600FB6C07 /* Release */,
			);
			defaultConfigurationIsVisible = 0;
			defaultConfigurationName = Release;
		};
/* End XCConfigurationList section */
	};
	rootObject = D9E9D1C91BA27AB600FB6C07 /* Project object */;
}
